
Microsoft Visual Studio Solution File, Format Version 12.00
Project("{FAE04EC0-301F-11D3-BF4B-00C04F79EFBC}") = "Algorithms-And-DataStructures", "Algorithms-And-DataStructures\Algorithms-And-DataStructures.csproj", "{A274B537-CC8F-48C6-B5A1-C9A2262C2DBE}"
EndProject
Global
	GlobalSection(SolutionConfigurationPlatforms) = preSolution
		Debug|Any CPU = Debug|Any CPU
		Release|Any CPU = Release|Any CPU
	EndGlobalSection
	GlobalSection(ProjectConfigurationPlatforms) = postSolution
		{A274B537-CC8F-48C6-B5A1-C9A2262C2DBE}.Debug|Any CPU.ActiveCfg = Debug|Any CPU
		{A274B537-CC8F-48C6-B5A1-C9A2262C2DBE}.Debug|Any CPU.Build.0 = Debug|Any CPU
		{A274B537-CC8F-48C6-B5A1-C9A2262C2DBE}.Release|Any CPU.ActiveCfg = Release|Any CPU
		{A274B537-CC8F-48C6-B5A1-C9A2262C2DBE}.Release|Any CPU.Build.0 = Release|Any CPU
	EndGlobalSection
EndGlobal
