
Microsoft Visual Studio Solution File, Format Version 12.00
Project("{FAE04EC0-301F-11D3-BF4B-00C04F79EFBC}") = "Algorithms-And-DataStructures", "Algorithms-And-DataStructures\Algorithms-And-DataStructures.csproj", "{A274B537-CC8F-48C6-B5A1-C9A2262C2DBE}"
EndProject
Project("{FAE04EC0-301F-11D3-BF4B-00C04F79EFBC}") = "TurboCollections", "TurboCollections\TurboCollections.csproj", "{B5A6C849-4374-43A8-AF8B-0CE662D9F872}"
EndProject
Project("{FAE04EC0-301F-11D3-BF4B-00C04F79EFBC}") = "212_P_1_Collections", "212_P_1_Collections\212_P_1_Collections.csproj", "{5F2AA73E-1E37-48C9-94B3-CCA135FDD61E}"
EndProject
Project("{FAE04EC0-301F-11D3-BF4B-00C04F79EFBC}") = "212_P_2_Iterator", "212_P_2_Iterator\212_P_2_Iterator.csproj", "{095976C4-066D-4355-8695-835BA5134000}"
EndProject
Project("{FAE04EC0-301F-11D3-BF4B-00C04F79EFBC}") = "TurboCollectionTest", "TurboCollectionTest\TurboCollectionTest.csproj", "{BF383736-1A12-49CE-846C-D193BAC99DCA}"
EndProject
Global
	GlobalSection(SolutionConfigurationPlatforms) = preSolution
		Debug|Any CPU = Debug|Any CPU
		Release|Any CPU = Release|Any CPU
	EndGlobalSection
	GlobalSection(ProjectConfigurationPlatforms) = postSolution
		{A274B537-CC8F-48C6-B5A1-C9A2262C2DBE}.Debug|Any CPU.ActiveCfg = Debug|Any CPU
		{A274B537-CC8F-48C6-B5A1-C9A2262C2DBE}.Debug|Any CPU.Build.0 = Debug|Any CPU
		{A274B537-CC8F-48C6-B5A1-C9A2262C2DBE}.Release|Any CPU.ActiveCfg = Release|Any CPU
		{A274B537-CC8F-48C6-B5A1-C9A2262C2DBE}.Release|Any CPU.Build.0 = Release|Any CPU
		{B5A6C849-4374-43A8-AF8B-0CE662D9F872}.Debug|Any CPU.ActiveCfg = Debug|Any CPU
		{B5A6C849-4374-43A8-AF8B-0CE662D9F872}.Debug|Any CPU.Build.0 = Debug|Any CPU
		{B5A6C849-4374-43A8-AF8B-0CE662D9F872}.Release|Any CPU.ActiveCfg = Release|Any CPU
		{B5A6C849-4374-43A8-AF8B-0CE662D9F872}.Release|Any CPU.Build.0 = Release|Any CPU
		{5F2AA73E-1E37-48C9-94B3-CCA135FDD61E}.Debug|Any CPU.ActiveCfg = Debug|Any CPU
		{5F2AA73E-1E37-48C9-94B3-CCA135FDD61E}.Debug|Any CPU.Build.0 = Debug|Any CPU
		{5F2AA73E-1E37-48C9-94B3-CCA135FDD61E}.Release|Any CPU.ActiveCfg = Release|Any CPU
		{5F2AA73E-1E37-48C9-94B3-CCA135FDD61E}.Release|Any CPU.Build.0 = Release|Any CPU
		{095976C4-066D-4355-8695-835BA5134000}.Debug|Any CPU.ActiveCfg = Debug|Any CPU
		{095976C4-066D-4355-8695-835BA5134000}.Debug|Any CPU.Build.0 = Debug|Any CPU
		{095976C4-066D-4355-8695-835BA5134000}.Release|Any CPU.ActiveCfg = Release|Any CPU
		{095976C4-066D-4355-8695-835BA5134000}.Release|Any CPU.Build.0 = Release|Any CPU
		{BF383736-1A12-49CE-846C-D193BAC99DCA}.Debug|Any CPU.ActiveCfg = Debug|Any CPU
		{BF383736-1A12-49CE-846C-D193BAC99DCA}.Debug|Any CPU.Build.0 = Debug|Any CPU
		{BF383736-1A12-49CE-846C-D193BAC99DCA}.Release|Any CPU.ActiveCfg = Release|Any CPU
		{BF383736-1A12-49CE-846C-D193BAC99DCA}.Release|Any CPU.Build.0 = Release|Any CPU
	EndGlobalSection
EndGlobal
